
Microsoft Visual Studio Solution File, Format Version 12.00
# Visual Studio Version 17
VisualStudioVersion = 17.2.32630.192
MinimumVisualStudioVersion = 10.0.40219.1
Project("{FAE04EC0-301F-11D3-BF4B-00C04F79EFBC}") = "JokesWebApp", "JokesWebApp.csproj", "{48CB34E4-4AD7-4267-A642-A3F747CD934B}"
EndProject
Global
	GlobalSection(SolutionConfigurationPlatforms) = preSolution
		Debug|Any CPU = Debug|Any CPU
		Release|Any CPU = Release|Any CPU
	EndGlobalSection
	GlobalSection(ProjectConfigurationPlatforms) = postSolution
		{48CB34E4-4AD7-4267-A642-A3F747CD934B}.Debug|Any CPU.ActiveCfg = Debug|Any CPU
		{48CB34E4-4AD7-4267-A642-A3F747CD934B}.Debug|Any CPU.Build.0 = Debug|Any CPU
		{48CB34E4-4AD7-4267-A642-A3F747CD934B}.Release|Any CPU.ActiveCfg = Release|Any CPU
		{48CB34E4-4AD7-4267-A642-A3F747CD934B}.Release|Any CPU.Build.0 = Release|Any CPU
	EndGlobalSection
	GlobalSection(SolutionProperties) = preSolution
		HideSolutionNode = FALSE
	EndGlobalSection
	GlobalSection(ExtensibilityGlobals) = postSolution
		SolutionGuid = {1F0B7EC5-504D-4BA1-816D-104451D43825}
	EndGlobalSection
EndGlobal
